
Microsoft Visual Studio Solution File, Format Version 12.00
# Visual Studio 15
VisualStudioVersion = 15.0.28307.1169
MinimumVisualStudioVersion = 10.0.40219.1
Project("{FAE04EC0-301F-11D3-BF4B-00C04F79EFBC}") = "HighMoon3", "WebApplication8\HighMoon3.csproj", "{D9E8DAA6-29CE-4155-84E9-E0368D885916}"
EndProject
Global
	GlobalSection(SolutionConfigurationPlatforms) = preSolution
		Debug|Any CPU = Debug|Any CPU
		Release|Any CPU = Release|Any CPU
	EndGlobalSection
	GlobalSection(ProjectConfigurationPlatforms) = postSolution
		{D9E8DAA6-29CE-4155-84E9-E0368D885916}.Debug|Any CPU.ActiveCfg = Debug|Any CPU
		{D9E8DAA6-29CE-4155-84E9-E0368D885916}.Debug|Any CPU.Build.0 = Debug|Any CPU
		{D9E8DAA6-29CE-4155-84E9-E0368D885916}.Release|Any CPU.ActiveCfg = Release|Any CPU
		{D9E8DAA6-29CE-4155-84E9-E0368D885916}.Release|Any CPU.Build.0 = Release|Any CPU
	EndGlobalSection
	GlobalSection(SolutionProperties) = preSolution
		HideSolutionNode = FALSE
	EndGlobalSection
	GlobalSection(ExtensibilityGlobals) = postSolution
		SolutionGuid = {5E85CFB3-1543-40F5-9150-09BD562151C3}
	EndGlobalSection
EndGlobal
